
Microsoft Visual Studio Solution File, Format Version 12.00
# Visual Studio Version 17
VisualStudioVersion = 17.13.35818.85
MinimumVisualStudioVersion = 10.0.40219.1
Project("{FAE04EC0-301F-11D3-BF4B-00C04F79EFBC}") = "AppointmentBooking.Application", "AppointmentBooking.Application\AppointmentBooking.Application.csproj", "{2CA2AACC-EB94-47C9-A826-A9A1A6848C63}"
EndProject
Project("{FAE04EC0-301F-11D3-BF4B-00C04F79EFBC}") = "AppointmentBooking.Domain", "AppointmentBooking.Domain\AppointmentBooking.Domain.csproj", "{BAEB4C57-2468-4388-A6A5-9CE7C5B404F3}"
EndProject
Project("{FAE04EC0-301F-11D3-BF4B-00C04F79EFBC}") = "AppointmentBooking.Infrastructure", "AppointmentBooking.Infrastructure\AppointmentBooking.Infrastructure.csproj", "{2D5FA730-F69A-4033-A6E4-D8E3E1491655}"
EndProject
Project("{FAE04EC0-301F-11D3-BF4B-00C04F79EFBC}") = "AppointmentBooking.Api", "AppointmentBooking.Api\AppointmentBooking.Api.csproj", "{D2079D66-0E36-45EE-9657-87478F30E563}"
EndProject
Project("{FAE04EC0-301F-11D3-BF4B-00C04F79EFBC}") = "AppointmentBooking.Contracts", "AppointmentBooking.Contracts\AppointmentBooking.Contracts.csproj", "{09E32403-654C-4384-A97E-690E53DDA32E}"
EndProject
Global
	GlobalSection(SolutionConfigurationPlatforms) = preSolution
		Debug|Any CPU = Debug|Any CPU
		Release|Any CPU = Release|Any CPU
	EndGlobalSection
	GlobalSection(ProjectConfigurationPlatforms) = postSolution
		{2CA2AACC-EB94-47C9-A826-A9A1A6848C63}.Debug|Any CPU.ActiveCfg = Debug|Any CPU
		{2CA2AACC-EB94-47C9-A826-A9A1A6848C63}.Debug|Any CPU.Build.0 = Debug|Any CPU
		{2CA2AACC-EB94-47C9-A826-A9A1A6848C63}.Release|Any CPU.ActiveCfg = Release|Any CPU
		{2CA2AACC-EB94-47C9-A826-A9A1A6848C63}.Release|Any CPU.Build.0 = Release|Any CPU
		{BAEB4C57-2468-4388-A6A5-9CE7C5B404F3}.Debug|Any CPU.ActiveCfg = Debug|Any CPU
		{BAEB4C57-2468-4388-A6A5-9CE7C5B404F3}.Debug|Any CPU.Build.0 = Debug|Any CPU
		{BAEB4C57-2468-4388-A6A5-9CE7C5B404F3}.Release|Any CPU.ActiveCfg = Release|Any CPU
		{BAEB4C57-2468-4388-A6A5-9CE7C5B404F3}.Release|Any CPU.Build.0 = Release|Any CPU
		{2D5FA730-F69A-4033-A6E4-D8E3E1491655}.Debug|Any CPU.ActiveCfg = Debug|Any CPU
		{2D5FA730-F69A-4033-A6E4-D8E3E1491655}.Debug|Any CPU.Build.0 = Debug|Any CPU
		{2D5FA730-F69A-4033-A6E4-D8E3E1491655}.Release|Any CPU.ActiveCfg = Release|Any CPU
		{2D5FA730-F69A-4033-A6E4-D8E3E1491655}.Release|Any CPU.Build.0 = Release|Any CPU
		{D2079D66-0E36-45EE-9657-87478F30E563}.Debug|Any CPU.ActiveCfg = Debug|Any CPU
		{D2079D66-0E36-45EE-9657-87478F30E563}.Debug|Any CPU.Build.0 = Debug|Any CPU
		{D2079D66-0E36-45EE-9657-87478F30E563}.Release|Any CPU.ActiveCfg = Release|Any CPU
		{D2079D66-0E36-45EE-9657-87478F30E563}.Release|Any CPU.Build.0 = Release|Any CPU
		{09E32403-654C-4384-A97E-690E53DDA32E}.Debug|Any CPU.ActiveCfg = Debug|Any CPU
		{09E32403-654C-4384-A97E-690E53DDA32E}.Debug|Any CPU.Build.0 = Debug|Any CPU
		{09E32403-654C-4384-A97E-690E53DDA32E}.Release|Any CPU.ActiveCfg = Release|Any CPU
		{09E32403-654C-4384-A97E-690E53DDA32E}.Release|Any CPU.Build.0 = Release|Any CPU
	EndGlobalSection
	GlobalSection(SolutionProperties) = preSolution
		HideSolutionNode = FALSE
	EndGlobalSection
	GlobalSection(ExtensibilityGlobals) = postSolution
		SolutionGuid = {829978CC-0545-403B-85C0-04C87AEE0503}
	EndGlobalSection
EndGlobal
